{
  "name": "webdb",
  "version": "0.2.0",
  "lockfileVersion": 3,
  "requires": true,
  "packages": {
    "": {
      "name": "webdb",
      "version": "0.2.0",
      "license": "ISC",
      "dependencies": {
        "nano": "^11.0.3"
      },
      "devDependencies": {
        "spekk": "^0.3.2"
      }
    },
    "node_modules/@noble/hashes": {
      "version": "1.8.0",
      "resolved": "https://registry.npmjs.org/@noble/hashes/-/hashes-1.8.0.tgz",
      "integrity": "sha512-jCs9ldd7NwzpgXDIf6P3+NrHh9/sD6CQdxHyjQI+h/6rDNo88ypBxxz45UDuZHz9r3tNz7N/VInSVoVdtXEI4A==",
      "dev": true,
      "license": "MIT",
      "engines": {
        "node": "^14.21.3 || >=16"
      },
      "funding": {
        "url": "https://paulmillr.com/funding/"
      }
    },
    "node_modules/@paralleldrive/cuid2": {
      "version": "2.3.1",
      "resolved": "https://registry.npmjs.org/@paralleldrive/cuid2/-/cuid2-2.3.1.tgz",
      "integrity": "sha512-XO7cAxhnTZl0Yggq6jOgjiOHhbgcO4NqFqwSmQpjK3b6TEE6Uj/jfSk6wzYyemh3+I0sHirKSetjQwn5cZktFw==",
      "dev": true,
      "license": "MIT",
      "dependencies": {
        "@noble/hashes": "^1.1.5"
      }
    },
    "node_modules/argparse": {
      "version": "2.0.1",
      "resolved": "https://registry.npmjs.org/argparse/-/argparse-2.0.1.tgz",
      "integrity": "sha512-8+9WqebbFzpX9OR+Wa6O29asIogeRMzcGtAINdpMHHyAg10f05aSFVBbcEqGf/PXw1EjAZ+q2/bEBg3DvurK3Q==",
      "dev": true,
      "license": "Python-2.0"
    },
    "node_modules/bcryptjs": {
      "version": "2.4.3",
      "resolved": "https://registry.npmjs.org/bcryptjs/-/bcryptjs-2.4.3.tgz",
      "integrity": "sha512-V/Hy/X9Vt7f3BbPJEi8BdVFMByHi+jNXrYkW3huaybV/kQ0KJg0Y6PkEMbn+zeT+i+SiKZ/HMqJGIIt4LZDqNQ==",
      "dev": true,
      "license": "MIT"
    },
    "node_modules/conficurse": {
      "version": "0.5.11",
      "resolved": "https://registry.npmjs.org/conficurse/-/conficurse-0.5.11.tgz",
      "integrity": "sha512-P22PWl0bszZMqsvw4wZm/toUV+qnUser5CNYzmO8Q6ihvGkCVBFdjmPvhHsuw75v7tPPMb1avLQqquek8UQ0VQ==",
      "dev": true,
      "license": "MIT",
      "dependencies": {
        "extras": "^0.15.0",
        "require-from-string": "^2.0.2"
      }
    },
    "node_modules/extras": {
      "version": "0.15.1",
      "resolved": "https://registry.npmjs.org/extras/-/extras-0.15.1.tgz",
      "integrity": "sha512-h/l2zp88xk/5a3Ldk37HMEvV2zep6rZCGxW2jG24Sbq4BHEu8fKfhn9PCupQ/i4iPFDtRy0sVw2kDKLbZV7ESA==",
      "dev": true,
      "license": "MIT",
      "dependencies": {
        "@paralleldrive/cuid2": "^2.2.2",
        "bcryptjs": "^2.4.3",
        "js-yaml": "^4.1.0",
        "lodash": "^4.17.21",
        "uuid": "^10.0.0"
      }
    },
    "node_modules/js-yaml": {
      "version": "4.1.1",
      "resolved": "https://registry.npmjs.org/js-yaml/-/js-yaml-4.1.1.tgz",
      "integrity": "sha512-qQKT4zQxXl8lLwBtHMWwaTcGfFOZviOJet3Oy/xmGk2gZH677CJM9EvtfdSkgWcATZhj/55JZ0rmy3myCT5lsA==",
      "dev": true,
      "license": "MIT",
      "dependencies": {
        "argparse": "^2.0.1"
      },
      "bin": {
        "js-yaml": "bin/js-yaml.js"
      }
    },
    "node_modules/lodash": {
      "version": "4.17.21",
      "resolved": "https://registry.npmjs.org/lodash/-/lodash-4.17.21.tgz",
      "integrity": "sha512-v2kDEe57lecTulaDIuNTPy3Ry4gLGJ6Z1O3vE1krgXZNrsQ+LFTGHVxVjcXPs17LhbZVGedAJv8XZ1tvj5FvSg==",
      "dev": true,
      "license": "MIT"
    },
    "node_modules/nano": {
      "version": "11.0.3",
      "resolved": "https://registry.npmjs.org/nano/-/nano-11.0.3.tgz",
      "integrity": "sha512-bOiBWTW5sA92Rp2Tuu5LmujUe0rre5AAKuiXuhjD4tBAVRZRrKWK0AJyEYWFm9PN8TRktsbUfUdDb//c5Cr3Dg==",
      "license": "Apache-2.0",
      "engines": {
        "node": ">=20.0"
      }
    },
    "node_modules/require-from-string": {
      "version": "2.0.2",
      "resolved": "https://registry.npmjs.org/require-from-string/-/require-from-string-2.0.2.tgz",
      "integrity": "sha512-Xf0nWe6RseziFMu+Ap9biiUbmplq6S9/p+7w7YXP/JBHhrUDDUhwa+vANyubuqfZWTveU//DYVGsDG7RKL/vEw==",
      "dev": true,
      "license": "MIT",
      "engines": {
        "node": ">=0.10.0"
      }
    },
    "node_modules/spekk": {
      "version": "0.3.2",
      "resolved": "https://registry.npmjs.org/spekk/-/spekk-0.3.2.tgz",
      "integrity": "sha512-Dx74JrLSYtn7+u6uccGWZCQJ2xf7h0NURmVFikwTD7jfR2EZslK92aXH8vbHNPqJoefZQfWOPGcmHzWcZEIqTw==",
      "dev": true,
      "license": "MIT",
      "dependencies": {
        "conficurse": "^0.5.10"
      },
      "bin": {
        "spekk": "bin/spekk.js"
      }
    },
    "node_modules/uuid": {
      "version": "10.0.0",
      "resolved": "https://registry.npmjs.org/uuid/-/uuid-10.0.0.tgz",
      "integrity": "sha512-8XkAphELsDnEGrDxUOHB3RGvXz6TeuYSGEZBOjtTtPm2lwhGBjLgOzLHB63IUWfBpNucQjND6d3AOudO+H3RWQ==",
      "dev": true,
      "funding": [
        "https://github.com/sponsors/broofa",
        "https://github.com/sponsors/ctavan"
      ],
      "license": "MIT",
      "bin": {
        "uuid": "dist/bin/uuid"
      }
    }
  }
}
